{
  "name": "BITNATION-Panthalassa-TS-node-js-secure-storage",
  "version": "1.0.0",
  "lockfileVersion": 1,
  "requires": true,
  "dependencies": {
    "BITNATION-Panthalassa-TS-secure-storage-interface": {
      "version": "git+https://github.com/Bit-Nation/BITNATION-Panthalassa-TS-secure-storage-interface.git#da406b43d090346387f313e5cfe7e6c1b1f2ea33",
      "requires": {
        "typescript": "2.5.3"
      }
    },
    "typescript": {
      "version": "2.5.3",
      "resolved": "https://registry.npmjs.org/typescript/-/typescript-2.5.3.tgz",
      "integrity": "sha512-ptLSQs2S4QuS6/OD1eAKG+S5G8QQtrU5RT32JULdZQtM1L3WTi34Wsu48Yndzi8xsObRAB9RPt/KhA9wlpEF6w=="
    }
  }
}
