{
  "name": "BITNATION-Panthalassa-TS-node-js-secure-storage",
  "version": "1.0.0",
  "lockfileVersion": 1,
  "requires": true,
  "dependencies": {
    "@types/crypto-js": {
      "version": "3.1.36",
      "resolved": "https://registry.npmjs.org/@types/crypto-js/-/crypto-js-3.1.36.tgz",
      "integrity": "sha512-skxRUD3NPAOv7u7n7NFclqIj9dkjzKgwg3JPis/HKoFJFiBZN4epI56Z5g/B4brqxFeMJw8GJJZhtnGBrEa+KA=="
    },
    "@types/node": {
      "version": "8.0.33",
      "resolved": "https://registry.npmjs.org/@types/node/-/node-8.0.33.tgz",
      "integrity": "sha512-vmCdO8Bm1ExT+FWfC9sd9r4jwqM7o97gGy2WBshkkXbf/2nLAJQUrZfIhw27yVOtLUev6kSZc4cav/46KbDd8A=="
    },
    "BITNATION-Panthalassa-TS-secure-storage-interface": {
      "version": "git+https://github.com/Bit-Nation/BITNATION-Panthalassa-TS-secure-storage-interface.git#da406b43d090346387f313e5cfe7e6c1b1f2ea33",
      "requires": {
        "typescript": "2.5.3"
      }
    },
    "crypto-js": {
      "version": "3.1.9-1",
      "resolved": "https://registry.npmjs.org/crypto-js/-/crypto-js-3.1.9-1.tgz",
      "integrity": "sha1-/aGedh/Ad+Af+/3G6f38WeiAbNg="
    },
    "typescript": {
      "version": "2.5.3",
      "resolved": "https://registry.npmjs.org/typescript/-/typescript-2.5.3.tgz",
      "integrity": "sha512-ptLSQs2S4QuS6/OD1eAKG+S5G8QQtrU5RT32JULdZQtM1L3WTi34Wsu48Yndzi8xsObRAB9RPt/KhA9wlpEF6w=="
    }
  }
}
